// !$*UTF8*$!
{
	archiveVersion = 1;
	classes = {
	};
	objectVersion = 46;
	objects = {

/* Begin PBXBuildFile section */
		815E674019EF9B0E001F423E /* main.m in Sources */ = {isa = PBXBuildFile; fileRef = 815E673F19EF9B0E001F423E /* main.m */; };
		815E674319EF9B0E001F423E /* AppDelegate.m in Sources */ = {isa = PBXBuildFile; fileRef = 815E674219EF9B0E001F423E /* AppDelegate.m */; };
		815E674619EF9B0E001F423E /* ViewController.m in Sources */ = {isa = PBXBuildFile; fileRef = 815E674519EF9B0E001F423E /* ViewController.m */; };
		815E674919EF9B0E001F423E /* Main.storyboard in Resources */ = {isa = PBXBuildFile; fileRef = 815E674719EF9B0E001F423E /* Main.storyboard */; };
		815E674B19EF9B0E001F423E /* Images.xcassets in Resources */ = {isa = PBXBuildFile; fileRef = 815E674A19EF9B0E001F423E /* Images.xcassets */; };
		815E674E19EF9B0E001F423E /* LaunchScreen.xib in Resources */ = {isa = PBXBuildFile; fileRef = 815E674C19EF9B0E001F423E /* LaunchScreen.xib */; };
		815E675A19EF9B0E001F423E /* SizeClassDemoTests.m in Sources */ = {isa = PBXBuildFile; fileRef = 815E675919EF9B0E001F423E /* SizeClassDemoTests.m */; };
		81D44CB519F0E5E000FD33DC /* ZDWebConnection.m in Sources */ = {isa = PBXBuildFile; fileRef = 81D44CB419F0E5E000FD33DC /* ZDWebConnection.m */; };
		81D44CB819F109F500FD33DC /* NSString+Tony.m in Sources */ = {isa = PBXBuildFile; fileRef = 81D44CB719F109F500FD33DC /* NSString+Tony.m */; };
		81E6338419FF7F2100B14D86 /* ZDNSURLSession.m in Sources */ = {isa = PBXBuildFile; fileRef = 81E6338319FF7F2100B14D86 /* ZDNSURLSession.m */; };
		81FBA9B619F63F0600FA29AB /* ZDWebService.m in Sources */ = {isa = PBXBuildFile; fileRef = 81FBA9B319F63F0600FA29AB /* ZDWebService.m */; };
		81FBA9B719F63F0600FA29AB /* ZDWebService+URL.m in Sources */ = {isa = PBXBuildFile; fileRef = 81FBA9B519F63F0600FA29AB /* ZDWebService+URL.m */; };
		81FBA9BD19F6414D00FA29AB /* WebConnect.m in Sources */ = {isa = PBXBuildFile; fileRef = 81FBA9BC19F6414D00FA29AB /* WebConnect.m */; };
/* End PBXBuildFile section */

/* Begin PBXContainerItemProxy section */
		815E675419EF9B0E001F423E /* PBXContainerItemProxy */ = {
			isa = PBXContainerItemProxy;
			containerPortal = 815E673219EF9B0E001F423E /* Project object */;
			proxyType = 1;
			remoteGlobalIDString = 815E673919EF9B0E001F423E;
			remoteInfo = SizeClassDemo;
		};
/* End PBXContainerItemProxy section */

/* Begin PBXFileReference section */
		815E673A19EF9B0E001F423E /* SizeClassDemo.app */ = {isa = PBXFileReference; explicitFileType = wrapper.application; includeInIndex = 0; path = SizeClassDemo.app; sourceTree = BUILT_PRODUCTS_DIR; };
		815E673E19EF9B0E001F423E /* Info.plist */ = {isa = PBXFileReference; lastKnownFileType = text.plist.xml; path = Info.plist; sourceTree = "<group>"; };
		815E673F19EF9B0E001F423E /* main.m */ = {isa = PBXFileReference; lastKnownFileType = sourcecode.c.objc; path = main.m; sourceTree = "<group>"; };
		815E674119EF9B0E001F423E /* AppDelegate.h */ = {isa = PBXFileReference; lastKnownFileType = sourcecode.c.h; path = AppDelegate.h; sourceTree = "<group>"; };
		815E674219EF9B0E001F423E /* AppDelegate.m */ = {isa = PBXFileReference; lastKnownFileType = sourcecode.c.objc; path = AppDelegate.m; sourceTree = "<group>"; };
		815E674419EF9B0E001F423E /* ViewController.h */ = {isa = PBXFileReference; lastKnownFileType = sourcecode.c.h; path = ViewController.h; sourceTree = "<group>"; };
		815E674519EF9B0E001F423E /* ViewController.m */ = {isa = PBXFileReference; lastKnownFileType = sourcecode.c.objc; path = ViewController.m; sourceTree = "<group>"; };
		815E674819EF9B0E001F423E /* Base */ = {isa = PBXFileReference; lastKnownFileType = file.storyboard; name = Base; path = Base.lproj/Main.storyboard; sourceTree = "<group>"; };
		815E674A19EF9B0E001F423E /* Images.xcassets */ = {isa = PBXFileReference; lastKnownFileType = folder.assetcatalog; path = Images.xcassets; sourceTree = "<group>"; };
		815E674D19EF9B0E001F423E /* Base */ = {isa = PBXFileReference; lastKnownFileType = file.xib; name = Base; path = Base.lproj/LaunchScreen.xib; sourceTree = "<group>"; };
		815E675319EF9B0E001F423E /* SizeClassDemoTests.xctest */ = {isa = PBXFileReference; explicitFileType = wrapper.cfbundle; includeInIndex = 0; path = SizeClassDemoTests.xctest; sourceTree = BUILT_PRODUCTS_DIR; };
		815E675819EF9B0E001F423E /* Info.plist */ = {isa = PBXFileReference; lastKnownFileType = text.plist.xml; path = Info.plist; sourceTree = "<group>"; };
		815E675919EF9B0E001F423E /* SizeClassDemoTests.m */ = {isa = PBXFileReference; lastKnownFileType = sourcecode.c.objc; path = SizeClassDemoTests.m; sourceTree = "<group>"; };
		81D44CB319F0E5E000FD33DC /* ZDWebConnection.h */ = {isa = PBXFileReference; fileEncoding = 4; lastKnownFileType = sourcecode.c.h; path = ZDWebConnection.h; sourceTree = "<group>"; };
		81D44CB419F0E5E000FD33DC /* ZDWebConnection.m */ = {isa = PBXFileReference; fileEncoding = 4; lastKnownFileType = sourcecode.c.objc; path = ZDWebConnection.m; sourceTree = "<group>"; };
		81D44CB619F109F500FD33DC /* NSString+Tony.h */ = {isa = PBXFileReference; fileEncoding = 4; lastKnownFileType = sourcecode.c.h; path = "NSString+Tony.h"; sourceTree = "<group>"; };
		81D44CB719F109F500FD33DC /* NSString+Tony.m */ = {isa = PBXFileReference; fileEncoding = 4; lastKnownFileType = sourcecode.c.objc; path = "NSString+Tony.m"; sourceTree = "<group>"; };
		81E6338219FF7F2100B14D86 /* ZDNSURLSession.h */ = {isa = PBXFileReference; fileEncoding = 4; lastKnownFileType = sourcecode.c.h; path = ZDNSURLSession.h; sourceTree = "<group>"; };
		81E6338319FF7F2100B14D86 /* ZDNSURLSession.m */ = {isa = PBXFileReference; fileEncoding = 4; lastKnownFileType = sourcecode.c.objc; path = ZDNSURLSession.m; sourceTree = "<group>"; };
		81FBA9B219F63F0600FA29AB /* ZDWebService.h */ = {isa = PBXFileReference; fileEncoding = 4; lastKnownFileType = sourcecode.c.h; path = ZDWebService.h; sourceTree = "<group>"; };
		81FBA9B319F63F0600FA29AB /* ZDWebService.m */ = {isa = PBXFileReference; fileEncoding = 4; lastKnownFileType = sourcecode.c.objc; path = ZDWebService.m; sourceTree = "<group>"; };
		81FBA9B419F63F0600FA29AB /* ZDWebService+URL.h */ = {isa = PBXFileReference; fileEncoding = 4; lastKnownFileType = sourcecode.c.h; path = "ZDWebService+URL.h"; sourceTree = "<group>"; };
		81FBA9B519F63F0600FA29AB /* ZDWebService+URL.m */ = {isa = PBXFileReference; fileEncoding = 4; lastKnownFileType = sourcecode.c.objc; path = "ZDWebService+URL.m"; sourceTree = "<group>"; };
		81FBA9BB19F6414D00FA29AB /* WebConnect.h */ = {isa = PBXFileReference; fileEncoding = 4; lastKnownFileType = sourcecode.c.h; path = WebConnect.h; sourceTree = "<group>"; };
		81FBA9BC19F6414D00FA29AB /* WebConnect.m */ = {isa = PBXFileReference; fileEncoding = 4; lastKnownFileType = sourcecode.c.objc; path = WebConnect.m; sourceTree = "<group>"; };
/* End PBXFileReference section */

/* Begin PBXFrameworksBuildPhase section */
		815E673719EF9B0E001F423E /* Frameworks */ = {
			isa = PBXFrameworksBuildPhase;
			buildActionMask = 2147483647;
			files = (
			);
			runOnlyForDeploymentPostprocessing = 0;
		};
		815E675019EF9B0E001F423E /* Frameworks */ = {
			isa = PBXFrameworksBuildPhase;
			buildActionMask = 2147483647;
			files = (
			);
			runOnlyForDeploymentPostprocessing = 0;
		};
/* End PBXFrameworksBuildPhase section */

/* Begin PBXGroup section */
		815E673119EF9B0E001F423E = {
			isa = PBXGroup;
			children = (
				815E673C19EF9B0E001F423E /* SizeClassDemo */,
				815E675619EF9B0E001F423E /* SizeClassDemoTests */,
				815E673B19EF9B0E001F423E /* Products */,
			);
			sourceTree = "<group>";
		};
		815E673B19EF9B0E001F423E /* Products */ = {
			isa = PBXGroup;
			children = (
				815E673A19EF9B0E001F423E /* SizeClassDemo.app */,
				815E675319EF9B0E001F423E /* SizeClassDemoTests.xctest */,
			);
			name = Products;
			sourceTree = "<group>";
		};
		815E673C19EF9B0E001F423E /* SizeClassDemo */ = {
			isa = PBXGroup;
			children = (
				81E6338219FF7F2100B14D86 /* ZDNSURLSession.h */,
				81E6338319FF7F2100B14D86 /* ZDNSURLSession.m */,
				81FBA9B219F63F0600FA29AB /* ZDWebService.h */,
				81FBA9B319F63F0600FA29AB /* ZDWebService.m */,
				81FBA9B419F63F0600FA29AB /* ZDWebService+URL.h */,
				81FBA9B519F63F0600FA29AB /* ZDWebService+URL.m */,
				81D44CB619F109F500FD33DC /* NSString+Tony.h */,
				81D44CB719F109F500FD33DC /* NSString+Tony.m */,
				81D44CB319F0E5E000FD33DC /* ZDWebConnection.h */,
				81D44CB419F0E5E000FD33DC /* ZDWebConnection.m */,
				815E674119EF9B0E001F423E /* AppDelegate.h */,
				815E674219EF9B0E001F423E /* AppDelegate.m */,
				815E674419EF9B0E001F423E /* ViewController.h */,
				815E674519EF9B0E001F423E /* ViewController.m */,
				815E674719EF9B0E001F423E /* Main.storyboard */,
				815E674A19EF9B0E001F423E /* Images.xcassets */,
				815E674C19EF9B0E001F423E /* LaunchScreen.xib */,
				815E673D19EF9B0E001F423E /* Supporting Files */,
				81FBA9BB19F6414D00FA29AB /* WebConnect.h */,
				81FBA9BC19F6414D00FA29AB /* WebConnect.m */,
			);
			path = SizeClassDemo;
			sourceTree = "<group>";
		};
		815E673D19EF9B0E001F423E /* Supporting Files */ = {
			isa = PBXGroup;
			children = (
				815E673E19EF9B0E001F423E /* Info.plist */,
				815E673F19EF9B0E001F423E /* main.m */,
			);
			name = "Supporting Files";
			sourceTree = "<group>";
		};
		815E675619EF9B0E001F423E /* SizeClassDemoTests */ = {
			isa = PBXGroup;
			children = (
				815E675919EF9B0E001F423E /* SizeClassDemoTests.m */,
				815E675719EF9B0E001F423E /* Supporting Files */,
			);
			path = SizeClassDemoTests;
			sourceTree = "<group>";
		};
		815E675719EF9B0E001F423E /* Supporting Files */ = {
			isa = PBXGroup;
			children = (
				815E675819EF9B0E001F423E /* Info.plist */,
			);
			name = "Supporting Files";
			sourceTree = "<group>";
		};
/* End PBXGroup section */

/* Begin PBXNativeTarget section */
		815E673919EF9B0E001F423E /* SizeClassDemo */ = {
			isa = PBXNativeTarget;
			buildConfigurationList = 815E675D19EF9B0E001F423E /* Build configuration list for PBXNativeTarget "SizeClassDemo" */;
			buildPhases = (
				815E673619EF9B0E001F423E /* Sources */,
				815E673719EF9B0E001F423E /* Frameworks */,
				815E673819EF9B0E001F423E /* Resources */,
			);
			buildRules = (
			);
			dependencies = (
			);
			name = SizeClassDemo;
			productName = SizeClassDemo;
			productReference = 815E673A19EF9B0E001F423E /* SizeClassDemo.app */;
			productType = "com.apple.product-type.application";
		};
		815E675219EF9B0E001F423E /* SizeClassDemoTests */ = {
			isa = PBXNativeTarget;
			buildConfigurationList = 815E676019EF9B0E001F423E /* Build configuration list for PBXNativeTarget "SizeClassDemoTests" */;
			buildPhases = (
				815E674F19EF9B0E001F423E /* Sources */,
				815E675019EF9B0E001F423E /* Frameworks */,
				815E675119EF9B0E001F423E /* Resources */,
			);
			buildRules = (
			);
			dependencies = (
				815E675519EF9B0E001F423E /* PBXTargetDependency */,
			);
			name = SizeClassDemoTests;
			productName = SizeClassDemoTests;
			productReference = 815E675319EF9B0E001F423E /* SizeClassDemoTests.xctest */;
			productType = "com.apple.product-type.bundle.unit-test";
		};
/* End PBXNativeTarget section */

/* Begin PBXProject section */
		815E673219EF9B0E001F423E /* Project object */ = {
			isa = PBXProject;
			attributes = {
				LastUpgradeCheck = 0600;
				ORGANIZATIONNAME = peter;
				TargetAttributes = {
					815E673919EF9B0E001F423E = {
						CreatedOnToolsVersion = 6.0.1;
						DevelopmentTeam = K25N4TR8P7;
						SystemCapabilities = {
							com.apple.BackgroundModes = {
								enabled = 1;
							};
						};
					};
					815E675219EF9B0E001F423E = {
						CreatedOnToolsVersion = 6.0.1;
						TestTargetID = 815E673919EF9B0E001F423E;
					};
				};
			};
			buildConfigurationList = 815E673519EF9B0E001F423E /* Build configuration list for PBXProject "SizeClassDemo" */;
			compatibilityVersion = "Xcode 3.2";
			developmentRegion = English;
			hasScannedForEncodings = 0;
			knownRegions = (
				en,
				Base,
			);
			mainGroup = 815E673119EF9B0E001F423E;
			productRefGroup = 815E673B19EF9B0E001F423E /* Products */;
			projectDirPath = "";
			projectRoot = "";
			targets = (
				815E673919EF9B0E001F423E /* SizeClassDemo */,
				815E675219EF9B0E001F423E /* SizeClassDemoTests */,
			);
		};
/* End PBXProject section */

/* Begin PBXResourcesBuildPhase section */
		815E673819EF9B0E001F423E /* Resources */ = {
			isa = PBXResourcesBuildPhase;
			buildActionMask = 2147483647;
			files = (
				815E674919EF9B0E001F423E /* Main.storyboard in Resources */,
				815E674E19EF9B0E001F423E /* LaunchScreen.xib in Resources */,
				815E674B19EF9B0E001F423E /* Images.xcassets in Resources */,
			);
			runOnlyForDeploymentPostprocessing = 0;
		};
		815E675119EF9B0E001F423E /* Resources */ = {
			isa = PBXResourcesBuildPhase;
			buildActionMask = 2147483647;
			files = (
			);
			runOnlyForDeploymentPostprocessing = 0;
		};
/* End PBXResourcesBuildPhase section */

/* Begin PBXSourcesBuildPhase section */
		815E673619EF9B0E001F423E /* Sources */ = {
			isa = PBXSourcesBuildPhase;
			buildActionMask = 2147483647;
			files = (
				81FBA9B619F63F0600FA29AB /* ZDWebService.m in Sources */,
				81FBA9B719F63F0600FA29AB /* ZDWebService+URL.m in Sources */,
				81D44CB519F0E5E000FD33DC /* ZDWebConnection.m in Sources */,
				815E674619EF9B0E001F423E /* ViewController.m in Sources */,
				81D44CB819F109F500FD33DC /* NSString+Tony.m in Sources */,
				815E674319EF9B0E001F423E /* AppDelegate.m in Sources */,
				815E674019EF9B0E001F423E /* main.m in Sources */,
				81E6338419FF7F2100B14D86 /* ZDNSURLSession.m in Sources */,
				81FBA9BD19F6414D00FA29AB /* WebConnect.m in Sources */,
			);
			runOnlyForDeploymentPostprocessing = 0;
		};
		815E674F19EF9B0E001F423E /* Sources */ = {
			isa = PBXSourcesBuildPhase;
			buildActionMask = 2147483647;
			files = (
				815E675A19EF9B0E001F423E /* SizeClassDemoTests.m in Sources */,
			);
			runOnlyForDeploymentPostprocessing = 0;
		};
/* End PBXSourcesBuildPhase section */

/* Begin PBXTargetDependency section */
		815E675519EF9B0E001F423E /* PBXTargetDependency */ = {
			isa = PBXTargetDependency;
			target = 815E673919EF9B0E001F423E /* SizeClassDemo */;
			targetProxy = 815E675419EF9B0E001F423E /* PBXContainerItemProxy */;
		};
/* End PBXTargetDependency section */

/* Begin PBXVariantGroup section */
		815E674719EF9B0E001F423E /* Main.storyboard */ = {
			isa = PBXVariantGroup;
			children = (
				815E674819EF9B0E001F423E /* Base */,
			);
			name = Main.storyboard;
			sourceTree = "<group>";
		};
		815E674C19EF9B0E001F423E /* LaunchScreen.xib */ = {
			isa = PBXVariantGroup;
			children = (
				815E674D19EF9B0E001F423E /* Base */,
			);
			name = LaunchScreen.xib;
			sourceTree = "<group>";
		};
/* End PBXVariantGroup section */

/* Begin XCBuildConfiguration section */
		815E675B19EF9B0E001F423E /* Debug */ = {
			isa = XCBuildConfiguration;
			buildSettings = {
				ALWAYS_SEARCH_USER_PATHS = NO;
				CLANG_CXX_LANGUAGE_STANDARD = "gnu++0x";
				CLANG_CXX_LIBRARY = "libc++";
				CLANG_ENABLE_MODULES = YES;
				CLANG_ENABLE_OBJC_ARC = YES;
				CLANG_WARN_BOOL_CONVERSION = YES;
				CLANG_WARN_CONSTANT_CONVERSION = YES;
				CLANG_WARN_DIRECT_OBJC_ISA_USAGE = YES_ERROR;
				CLANG_WARN_EMPTY_BODY = YES;
				CLANG_WARN_ENUM_CONVERSION = YES;
				CLANG_WARN_INT_CONVERSION = YES;
				CLANG_WARN_OBJC_ROOT_CLASS = YES_ERROR;
				CLANG_WARN_UNREACHABLE_CODE = YES;
				CLANG_WARN__DUPLICATE_METHOD_MATCH = YES;
				"CODE_SIGN_IDENTITY[sdk=iphoneos*]" = "iPhone Developer";
				COPY_PHASE_STRIP = NO;
				ENABLE_STRICT_OBJC_MSGSEND = YES;
				GCC_C_LANGUAGE_STANDARD = gnu99;
				GCC_DYNAMIC_NO_PIC = NO;
				GCC_OPTIMIZATION_LEVEL = 0;
				GCC_PREPROCESSOR_DEFINITIONS = (
					"DEBUG=1",
					"$(inherited)",
				);
				GCC_SYMBOLS_PRIVATE_EXTERN = NO;
				GCC_WARN_64_TO_32_BIT_CONVERSION = YES;
				GCC_WARN_ABOUT_RETURN_TYPE = YES_ERROR;
				GCC_WARN_UNDECLARED_SELECTOR = YES;
				GCC_WARN_UNINITIALIZED_AUTOS = YES_AGGRESSIVE;
				GCC_WARN_UNUSED_FUNCTION = YES;
				GCC_WARN_UNUSED_VARIABLE = YES;
				IPHONEOS_DEPLOYMENT_TARGET = 8.0;
				MTL_ENABLE_DEBUG_INFO = YES;
				ONLY_ACTIVE_ARCH = YES;
				SDKROOT = iphoneos;
			};
			name = Debug;
		};
		815E675C19EF9B0E001F423E /* Release */ = {
			isa = XCBuildConfiguration;
			buildSettings = {
				ALWAYS_SEARCH_USER_PATHS = NO;
				CLANG_CXX_LANGUAGE_STANDARD = "gnu++0x";
				CLANG_CXX_LIBRARY = "libc++";
				CLANG_ENABLE_MODULES = YES;
				CLANG_ENABLE_OBJC_ARC = YES;
				CLANG_WARN_BOOL_CONVERSION = YES;
				CLANG_WARN_CONSTANT_CONVERSION = YES;
				CLANG_WARN_DIRECT_OBJC_ISA_USAGE = YES_ERROR;
				CLANG_WARN_EMPTY_BODY = YES;
				CLANG_WARN_ENUM_CONVERSION = YES;
				CLANG_WARN_INT_CONVERSION = YES;
				CLANG_WARN_OBJC_ROOT_CLASS = YES_ERROR;
				CLANG_WARN_UNREACHABLE_CODE = YES;
				CLANG_WARN__DUPLICATE_METHOD_MATCH = YES;
				"CODE_SIGN_IDENTITY[sdk=iphoneos*]" = "iPhone Developer";
				COPY_PHASE_STRIP = YES;
				ENABLE_NS_ASSERTIONS = NO;
				ENABLE_STRICT_OBJC_MSGSEND = YES;
				GCC_C_LANGUAGE_STANDARD = gnu99;
				GCC_WARN_64_TO_32_BIT_CONVERSION = YES;
				GCC_WARN_ABOUT_RETURN_TYPE = YES_ERROR;
				GCC_WARN_UNDECLARED_SELECTOR = YES;
				GCC_WARN_UNINITIALIZED_AUTOS = YES_AGGRESSIVE;
				GCC_WARN_UNUSED_FUNCTION = YES;
				GCC_WARN_UNUSED_VARIABLE = YES;
				IPHONEOS_DEPLOYMENT_TARGET = 8.0;
				MTL_ENABLE_DEBUG_INFO = NO;
				SDKROOT = iphoneos;
				VALIDATE_PRODUCT = YES;
			};
			name = Release;
		};
		815E675E19EF9B0E001F423E /* Debug */ = {
			isa = XCBuildConfiguration;
			buildSettings = {
				ASSETCATALOG_COMPILER_APPICON_NAME = AppIcon;
				CODE_SIGN_IDENTITY = "iPhone Developer: zhang ji min (H9N4554S3G)";
				"CODE_SIGN_IDENTITY[sdk=iphoneos*]" = "iPhone Developer: zhang ji min (H9N4554S3G)";
				INFOPLIST_FILE = SizeClassDemo/Info.plist;
				LD_RUNPATH_SEARCH_PATHS = "$(inherited) @executable_path/Frameworks";
				PRODUCT_NAME = "$(TARGET_NAME)";
				PROVISIONING_PROFILE = "e56fe2be-a5d5-4245-b18e-183dab6dc195";
			};
			name = Debug;
		};
		815E675F19EF9B0E001F423E /* Release */ = {
			isa = XCBuildConfiguration;
			buildSettings = {
				ASSETCATALOG_COMPILER_APPICON_NAME = AppIcon;
				CODE_SIGN_IDENTITY = "iPhone Developer: zhang ji min (H9N4554S3G)";
				"CODE_SIGN_IDENTITY[sdk=iphoneos*]" = "iPhone Developer: zhang ji min (H9N4554S3G)";
				INFOPLIST_FILE = SizeClassDemo/Info.plist;
				LD_RUNPATH_SEARCH_PATHS = "$(inherited) @executable_path/Frameworks";
				PRODUCT_NAME = "$(TARGET_NAME)";
				PROVISIONING_PROFILE = "e56fe2be-a5d5-4245-b18e-183dab6dc195";
			};
			name = Release;
		};
		815E676119EF9B0E001F423E /* Debug */ = {
			isa = XCBuildConfiguration;
			buildSettings = {
				BUNDLE_LOADER = "$(TEST_HOST)";
				FRAMEWORK_SEARCH_PATHS = (
					"$(SDKROOT)/Developer/Library/Frameworks",
					"$(inherited)",
				);
				GCC_PREPROCESSOR_DEFINITIONS = (
					"DEBUG=1",
					"$(inherited)",
				);
				INFOPLIST_FILE = SizeClassDemoTests/Info.plist;
				LD_RUNPATH_SEARCH_PATHS = "$(inherited) @executable_path/Frameworks @loader_path/Frameworks";
				PRODUCT_NAME = "$(TARGET_NAME)";
				TEST_HOST = "$(BUILT_PRODUCTS_DIR)/SizeClassDemo.app/SizeClassDemo";
			};
			name = Debug;
		};
		815E676219EF9B0E001F423E /* Release */ = {
			isa = XCBuildConfiguration;
			buildSettings = {
				BUNDLE_LOADER = "$(TEST_HOST)";
				FRAMEWORK_SEARCH_PATHS = (
					"$(SDKROOT)/Developer/Library/Frameworks",
					"$(inherited)",
				);
				INFOPLIST_FILE = SizeClassDemoTests/Info.plist;
				LD_RUNPATH_SEARCH_PATHS = "$(inherited) @executable_path/Frameworks @loader_path/Frameworks";
				PRODUCT_NAME = "$(TARGET_NAME)";
				TEST_HOST = "$(BUILT_PRODUCTS_DIR)/SizeClassDemo.app/SizeClassDemo";
			};
			name = Release;
		};
/* End XCBuildConfiguration section */

/* Begin XCConfigurationList section */
		815E673519EF9B0E001F423E /* Build configuration list for PBXProject "SizeClassDemo" */ = {
			isa = XCConfigurationList;
			buildConfigurations = (
				815E675B19EF9B0E001F423E /* Debug */,
				815E675C19EF9B0E001F423E /* Release */,
			);
			defaultConfigurationIsVisible = 0;
			defaultConfigurationName = Release;
		};
		815E675D19EF9B0E001F423E /* Build configuration list for PBXNativeTarget "SizeClassDemo" */ = {
			isa = XCConfigurationList;
			buildConfigurations = (
				815E675E19EF9B0E001F423E /* Debug */,
				815E675F19EF9B0E001F423E /* Release */,
			);
			defaultConfigurationIsVisible = 0;
			defaultConfigurationName = Release;
		};
		815E676019EF9B0E001F423E /* Build configuration list for PBXNativeTarget "SizeClassDemoTests" */ = {
			isa = XCConfigurationList;
			buildConfigurations = (
				815E676119EF9B0E001F423E /* Debug */,
				815E676219EF9B0E001F423E /* Release */,
			);
			defaultConfigurationIsVisible = 0;
			defaultConfigurationName = Release;
		};
/* End XCConfigurationList section */
	};
	rootObject = 815E673219EF9B0E001F423E /* Project object */;
}
